
Microsoft Visual Studio Solution File, Format Version 12.00
# Visual Studio Version 17
VisualStudioVersion = 17.14.37111.16 d17.14
MinimumVisualStudioVersion = 10.0.40219.1
Project("{FAE04EC0-301F-11D3-BF4B-00C04F79EFBC}") = "TSV資料檔讀取程式", "TSV資料檔讀取程式\TSV資料檔讀取程式.csproj", "{90FEDAB8-DF3D-4610-A4F1-92A47A5C0DBD}"
EndProject
Global
	GlobalSection(SolutionConfigurationPlatforms) = preSolution
		Debug|Any CPU = Debug|Any CPU
		Release|Any CPU = Release|Any CPU
	EndGlobalSection
	GlobalSection(ProjectConfigurationPlatforms) = postSolution
		{90FEDAB8-DF3D-4610-A4F1-92A47A5C0DBD}.Debug|Any CPU.ActiveCfg = Debug|Any CPU
		{90FEDAB8-DF3D-4610-A4F1-92A47A5C0DBD}.Debug|Any CPU.Build.0 = Debug|Any CPU
		{90FEDAB8-DF3D-4610-A4F1-92A47A5C0DBD}.Release|Any CPU.ActiveCfg = Release|Any CPU
		{90FEDAB8-DF3D-4610-A4F1-92A47A5C0DBD}.Release|Any CPU.Build.0 = Release|Any CPU
	EndGlobalSection
	GlobalSection(SolutionProperties) = preSolution
		HideSolutionNode = FALSE
	EndGlobalSection
	GlobalSection(ExtensibilityGlobals) = postSolution
		SolutionGuid = {C0E4DF04-BDE1-4647-86AE-B306B3DD9E50}
	EndGlobalSection
EndGlobal
